
Microsoft Visual Studio Solution File, Format Version 12.00
# Visual Studio Version 17
VisualStudioVersion = 17.3.32825.248
MinimumVisualStudioVersion = 10.0.40219.1
Project("{FAE04EC0-301F-11D3-BF4B-00C04F79EFBC}") = "AspStaticHtmlApp", "AspStaticHtmlApp.csproj", "{A5AC307F-BE98-45AA-9ADF-3AFAD8FDC8CB}"
EndProject
Global
	GlobalSection(SolutionConfigurationPlatforms) = preSolution
		Debug|Any CPU = Debug|Any CPU
		Release|Any CPU = Release|Any CPU
	EndGlobalSection
	GlobalSection(ProjectConfigurationPlatforms) = postSolution
		{A5AC307F-BE98-45AA-9ADF-3AFAD8FDC8CB}.Debug|Any CPU.ActiveCfg = Debug|Any CPU
		{A5AC307F-BE98-45AA-9ADF-3AFAD8FDC8CB}.Debug|Any CPU.Build.0 = Debug|Any CPU
		{A5AC307F-BE98-45AA-9ADF-3AFAD8FDC8CB}.Release|Any CPU.ActiveCfg = Release|Any CPU
		{A5AC307F-BE98-45AA-9ADF-3AFAD8FDC8CB}.Release|Any CPU.Build.0 = Release|Any CPU
	EndGlobalSection
	GlobalSection(SolutionProperties) = preSolution
		HideSolutionNode = FALSE
	EndGlobalSection
	GlobalSection(ExtensibilityGlobals) = postSolution
		SolutionGuid = {F92E199F-61C0-49B7-85FC-D6E29D632AE3}
	EndGlobalSection
EndGlobal
